// !$*UTF8*$!
{
	archiveVersion = 1;
	classes = {
	};
	objectVersion = 56;
	objects = {

/* Begin PBXBuildFile section */
		A228BC1D2B970D8F0060561F /* WaterManager.swift in Sources */ = {isa = PBXBuildFile; fileRef = A228BC1C2B970D8F0060561F /* WaterManager.swift */; };
		A228BC212B972FFE0060561F /* String+Extension.swift in Sources */ = {isa = PBXBuildFile; fileRef = A228BC202B972FFE0060561F /* String+Extension.swift */; };
		A258C4BF2B96347100D44C63 /* HYDDrinkWaterViewController.swift in Sources */ = {isa = PBXBuildFile; fileRef = A258C4BE2B96347100D44C63 /* HYDDrinkWaterViewController.swift */; };
		A258C4C22B96390A00D44C63 /* HYDProfileView.swift in Sources */ = {isa = PBXBuildFile; fileRef = A258C4C12B96390A00D44C63 /* HYDProfileView.swift */; };
		A266D0652BA08A8800A4F2D9 /* Date+IsToday.swift in Sources */ = {isa = PBXBuildFile; fileRef = A266D0642BA08A8800A4F2D9 /* Date+IsToday.swift */; };
		A2A0B6722B8F353F000AF73F /* HYDTextField.swift in Sources */ = {isa = PBXBuildFile; fileRef = A2A0B6712B8F353F000AF73F /* HYDTextField.swift */; };
		A2A0B6762B8F4238000AF73F /* HYDButton.swift in Sources */ = {isa = PBXBuildFile; fileRef = A2A0B6752B8F4238000AF73F /* HYDButton.swift */; };
		A2AFD8D52B8E05E400669D10 /* HYDColors.swift in Sources */ = {isa = PBXBuildFile; fileRef = A2AFD8D42B8E05E400669D10 /* HYDColors.swift */; };
		A2D7563B2B8DFFA70050EC1F /* AppDelegate.swift in Sources */ = {isa = PBXBuildFile; fileRef = A2D7563A2B8DFFA70050EC1F /* AppDelegate.swift */; };
		A2D7563D2B8DFFA70050EC1F /* SceneDelegate.swift in Sources */ = {isa = PBXBuildFile; fileRef = A2D7563C2B8DFFA70050EC1F /* SceneDelegate.swift */; };
		A2D7563F2B8DFFA70050EC1F /* HYDDrinkWaterView.swift in Sources */ = {isa = PBXBuildFile; fileRef = A2D7563E2B8DFFA70050EC1F /* HYDDrinkWaterView.swift */; };
		A2D756442B8DFFA80050EC1F /* Assets.xcassets in Resources */ = {isa = PBXBuildFile; fileRef = A2D756432B8DFFA80050EC1F /* Assets.xcassets */; };
		A2D756472B8DFFA80050EC1F /* LaunchScreen.storyboard in Resources */ = {isa = PBXBuildFile; fileRef = A2D756452B8DFFA80050EC1F /* LaunchScreen.storyboard */; };
		A2D756502B8E00160050EC1F /* SnapKit in Frameworks */ = {isa = PBXBuildFile; productRef = A2D7564F2B8E00160050EC1F /* SnapKit */; };
		A2D756532B8E00230050EC1F /* TextFieldEffects in Frameworks */ = {isa = PBXBuildFile; productRef = A2D756522B8E00230050EC1F /* TextFieldEffects */; };
		A2D756562B8E01190050EC1F /* HYDMainNavigationController.swift in Sources */ = {isa = PBXBuildFile; fileRef = A2D756552B8E01190050EC1F /* HYDMainNavigationController.swift */; };
		A2D756592B8E02B30050EC1F /* HYDProfileViewController.swift in Sources */ = {isa = PBXBuildFile; fileRef = A2D756582B8E02B30050EC1F /* HYDProfileViewController.swift */; };
		A2FEF1EA2B93133B00CB5F5B /* IsaoTextField+Extension.swift in Sources */ = {isa = PBXBuildFile; fileRef = A2FEF1E92B93133B00CB5F5B /* IsaoTextField+Extension.swift */; };
/* End PBXBuildFile section */

/* Begin PBXFileReference section */
		A228BC1C2B970D8F0060561F /* WaterManager.swift */ = {isa = PBXFileReference; lastKnownFileType = sourcecode.swift; path = WaterManager.swift; sourceTree = "<group>"; };
		A228BC202B972FFE0060561F /* String+Extension.swift */ = {isa = PBXFileReference; lastKnownFileType = sourcecode.swift; path = "String+Extension.swift"; sourceTree = "<group>"; };
		A258C4BE2B96347100D44C63 /* HYDDrinkWaterViewController.swift */ = {isa = PBXFileReference; lastKnownFileType = sourcecode.swift; path = HYDDrinkWaterViewController.swift; sourceTree = "<group>"; };
		A258C4C12B96390A00D44C63 /* HYDProfileView.swift */ = {isa = PBXFileReference; lastKnownFileType = sourcecode.swift; path = HYDProfileView.swift; sourceTree = "<group>"; };
		A266D0642BA08A8800A4F2D9 /* Date+IsToday.swift */ = {isa = PBXFileReference; lastKnownFileType = sourcecode.swift; path = "Date+IsToday.swift"; sourceTree = "<group>"; };
		A2A0B6712B8F353F000AF73F /* HYDTextField.swift */ = {isa = PBXFileReference; lastKnownFileType = sourcecode.swift; path = HYDTextField.swift; sourceTree = "<group>"; };
		A2A0B6752B8F4238000AF73F /* HYDButton.swift */ = {isa = PBXFileReference; lastKnownFileType = sourcecode.swift; path = HYDButton.swift; sourceTree = "<group>"; };
		A2AFD8D42B8E05E400669D10 /* HYDColors.swift */ = {isa = PBXFileReference; lastKnownFileType = sourcecode.swift; path = HYDColors.swift; sourceTree = "<group>"; };
		A2D756372B8DFFA70050EC1F /* Hydronaut.app */ = {isa = PBXFileReference; explicitFileType = wrapper.application; includeInIndex = 0; path = Hydronaut.app; sourceTree = BUILT_PRODUCTS_DIR; };
		A2D7563A2B8DFFA70050EC1F /* AppDelegate.swift */ = {isa = PBXFileReference; lastKnownFileType = sourcecode.swift; path = AppDelegate.swift; sourceTree = "<group>"; };
		A2D7563C2B8DFFA70050EC1F /* SceneDelegate.swift */ = {isa = PBXFileReference; lastKnownFileType = sourcecode.swift; path = SceneDelegate.swift; sourceTree = "<group>"; };
		A2D7563E2B8DFFA70050EC1F /* HYDDrinkWaterView.swift */ = {isa = PBXFileReference; lastKnownFileType = sourcecode.swift; path = HYDDrinkWaterView.swift; sourceTree = "<group>"; };
		A2D756432B8DFFA80050EC1F /* Assets.xcassets */ = {isa = PBXFileReference; lastKnownFileType = folder.assetcatalog; path = Assets.xcassets; sourceTree = "<group>"; };
		A2D756462B8DFFA80050EC1F /* Base */ = {isa = PBXFileReference; lastKnownFileType = file.storyboard; name = Base; path = Base.lproj/LaunchScreen.storyboard; sourceTree = "<group>"; };
		A2D756482B8DFFA80050EC1F /* Info.plist */ = {isa = PBXFileReference; lastKnownFileType = text.plist.xml; path = Info.plist; sourceTree = "<group>"; };
		A2D756552B8E01190050EC1F /* HYDMainNavigationController.swift */ = {isa = PBXFileReference; lastKnownFileType = sourcecode.swift; path = HYDMainNavigationController.swift; sourceTree = "<group>"; };
		A2D756582B8E02B30050EC1F /* HYDProfileViewController.swift */ = {isa = PBXFileReference; lastKnownFileType = sourcecode.swift; path = HYDProfileViewController.swift; sourceTree = "<group>"; };
		A2FEF1E92B93133B00CB5F5B /* IsaoTextField+Extension.swift */ = {isa = PBXFileReference; lastKnownFileType = sourcecode.swift; path = "IsaoTextField+Extension.swift"; sourceTree = "<group>"; };
/* End PBXFileReference section */

/* Begin PBXFrameworksBuildPhase section */
		A2D756342B8DFFA70050EC1F /* Frameworks */ = {
			isa = PBXFrameworksBuildPhase;
			buildActionMask = 2147483647;
			files = (
				A2D756502B8E00160050EC1F /* SnapKit in Frameworks */,
				A2D756532B8E00230050EC1F /* TextFieldEffects in Frameworks */,
			);
			runOnlyForDeploymentPostprocessing = 0;
		};
/* End PBXFrameworksBuildPhase section */

/* Begin PBXGroup section */
		A258C4C02B96381D00D44C63 /* Views */ = {
			isa = PBXGroup;
			children = (
				A2D7563E2B8DFFA70050EC1F /* HYDDrinkWaterView.swift */,
				A258C4C12B96390A00D44C63 /* HYDProfileView.swift */,
			);
			path = Views;
			sourceTree = "<group>";
		};
		A258C4C32B963CB700D44C63 /* Models */ = {
			isa = PBXGroup;
			children = (
				A228BC1C2B970D8F0060561F /* WaterManager.swift */,
			);
			path = Models;
			sourceTree = "<group>";
		};
		A2A0B66F2B8F3493000AF73F /* CustomViews */ = {
			isa = PBXGroup;
			children = (
				A2A0B6712B8F353F000AF73F /* HYDTextField.swift */,
				A2A0B6752B8F4238000AF73F /* HYDButton.swift */,
			);
			path = CustomViews;
			sourceTree = "<group>";
		};
		A2AFD8D32B8E05D300669D10 /* Constants */ = {
			isa = PBXGroup;
			children = (
				A2AFD8D42B8E05E400669D10 /* HYDColors.swift */,
			);
			path = Constants;
			sourceTree = "<group>";
		};
		A2D7562E2B8DFFA70050EC1F = {
			isa = PBXGroup;
			children = (
				A2D756392B8DFFA70050EC1F /* Hydronaut */,
				A2D756382B8DFFA70050EC1F /* Products */,
			);
			sourceTree = "<group>";
		};
		A2D756382B8DFFA70050EC1F /* Products */ = {
			isa = PBXGroup;
			children = (
				A2D756372B8DFFA70050EC1F /* Hydronaut.app */,
			);
			name = Products;
			sourceTree = "<group>";
		};
		A2D756392B8DFFA70050EC1F /* Hydronaut */ = {
			isa = PBXGroup;
			children = (
				A258C4C32B963CB700D44C63 /* Models */,
				A258C4C02B96381D00D44C63 /* Views */,
				A2D756572B8E02970050EC1F /* Controllers */,
				A2FEF1E82B93131800CB5F5B /* Extensions */,
				A2A0B66F2B8F3493000AF73F /* CustomViews */,
				A2AFD8D32B8E05D300669D10 /* Constants */,
				A2D756542B8E00AD0050EC1F /* Resources */,
				A2D756432B8DFFA80050EC1F /* Assets.xcassets */,
				A2D756482B8DFFA80050EC1F /* Info.plist */,
			);
			path = Hydronaut;
			sourceTree = "<group>";
		};
		A2D756542B8E00AD0050EC1F /* Resources */ = {
			isa = PBXGroup;
			children = (
				A2D756452B8DFFA80050EC1F /* LaunchScreen.storyboard */,
				A2D7563A2B8DFFA70050EC1F /* AppDelegate.swift */,
				A2D7563C2B8DFFA70050EC1F /* SceneDelegate.swift */,
			);
			path = Resources;
			sourceTree = "<group>";
		};
		A2D756572B8E02970050EC1F /* Controllers */ = {
			isa = PBXGroup;
			children = (
				A2D756552B8E01190050EC1F /* HYDMainNavigationController.swift */,
				A258C4BE2B96347100D44C63 /* HYDDrinkWaterViewController.swift */,
				A2D756582B8E02B30050EC1F /* HYDProfileViewController.swift */,
			);
			path = Controllers;
			sourceTree = "<group>";
		};
		A2FEF1E82B93131800CB5F5B /* Extensions */ = {
			isa = PBXGroup;
			children = (
				A2FEF1E92B93133B00CB5F5B /* IsaoTextField+Extension.swift */,
				A228BC202B972FFE0060561F /* String+Extension.swift */,
				A266D0642BA08A8800A4F2D9 /* Date+IsToday.swift */,
			);
			path = Extensions;
			sourceTree = "<group>";
		};
/* End PBXGroup section */

/* Begin PBXNativeTarget section */
		A2D756362B8DFFA70050EC1F /* Hydronaut */ = {
			isa = PBXNativeTarget;
			buildConfigurationList = A2D7564B2B8DFFA80050EC1F /* Build configuration list for PBXNativeTarget "Hydronaut" */;
			buildPhases = (
				A2D756332B8DFFA70050EC1F /* Sources */,
				A2D756342B8DFFA70050EC1F /* Frameworks */,
				A2D756352B8DFFA70050EC1F /* Resources */,
			);
			buildRules = (
			);
			dependencies = (
			);
			name = Hydronaut;
			packageProductDependencies = (
				A2D7564F2B8E00160050EC1F /* SnapKit */,
				A2D756522B8E00230050EC1F /* TextFieldEffects */,
			);
			productName = Hydronaut;
			productReference = A2D756372B8DFFA70050EC1F /* Hydronaut.app */;
			productType = "com.apple.product-type.application";
		};
/* End PBXNativeTarget section */

/* Begin PBXProject section */
		A2D7562F2B8DFFA70050EC1F /* Project object */ = {
			isa = PBXProject;
			attributes = {
				BuildIndependentTargetsInParallel = 1;
				LastSwiftUpdateCheck = 1520;
				LastUpgradeCheck = 1520;
				TargetAttributes = {
					A2D756362B8DFFA70050EC1F = {
						CreatedOnToolsVersion = 15.2;
					};
				};
			};
			buildConfigurationList = A2D756322B8DFFA70050EC1F /* Build configuration list for PBXProject "Hydronaut" */;
			compatibilityVersion = "Xcode 14.0";
			developmentRegion = en;
			hasScannedForEncodings = 0;
			knownRegions = (
				en,
				Base,
			);
			mainGroup = A2D7562E2B8DFFA70050EC1F;
			packageReferences = (
				A2D7564E2B8E00160050EC1F /* XCRemoteSwiftPackageReference "SnapKit" */,
				A2D756512B8E00230050EC1F /* XCRemoteSwiftPackageReference "TextFieldEffects" */,
			);
			productRefGroup = A2D756382B8DFFA70050EC1F /* Products */;
			projectDirPath = "";
			projectRoot = "";
			targets = (
				A2D756362B8DFFA70050EC1F /* Hydronaut */,
			);
		};
/* End PBXProject section */

/* Begin PBXResourcesBuildPhase section */
		A2D756352B8DFFA70050EC1F /* Resources */ = {
			isa = PBXResourcesBuildPhase;
			buildActionMask = 2147483647;
			files = (
				A2D756472B8DFFA80050EC1F /* LaunchScreen.storyboard in Resources */,
				A2D756442B8DFFA80050EC1F /* Assets.xcassets in Resources */,
			);
			runOnlyForDeploymentPostprocessing = 0;
		};
/* End PBXResourcesBuildPhase section */

/* Begin PBXSourcesBuildPhase section */
		A2D756332B8DFFA70050EC1F /* Sources */ = {
			isa = PBXSourcesBuildPhase;
			buildActionMask = 2147483647;
			files = (
				A2A0B6722B8F353F000AF73F /* HYDTextField.swift in Sources */,
				A228BC1D2B970D8F0060561F /* WaterManager.swift in Sources */,
				A258C4C22B96390A00D44C63 /* HYDProfileView.swift in Sources */,
				A2D7563F2B8DFFA70050EC1F /* HYDDrinkWaterView.swift in Sources */,
				A2FEF1EA2B93133B00CB5F5B /* IsaoTextField+Extension.swift in Sources */,
				A2D7563B2B8DFFA70050EC1F /* AppDelegate.swift in Sources */,
				A2A0B6762B8F4238000AF73F /* HYDButton.swift in Sources */,
				A266D0652BA08A8800A4F2D9 /* Date+IsToday.swift in Sources */,
				A228BC212B972FFE0060561F /* String+Extension.swift in Sources */,
				A258C4BF2B96347100D44C63 /* HYDDrinkWaterViewController.swift in Sources */,
				A2D756592B8E02B30050EC1F /* HYDProfileViewController.swift in Sources */,
				A2D756562B8E01190050EC1F /* HYDMainNavigationController.swift in Sources */,
				A2D7563D2B8DFFA70050EC1F /* SceneDelegate.swift in Sources */,
				A2AFD8D52B8E05E400669D10 /* HYDColors.swift in Sources */,
			);
			runOnlyForDeploymentPostprocessing = 0;
		};
/* End PBXSourcesBuildPhase section */

/* Begin PBXVariantGroup section */
		A2D756452B8DFFA80050EC1F /* LaunchScreen.storyboard */ = {
			isa = PBXVariantGroup;
			children = (
				A2D756462B8DFFA80050EC1F /* Base */,
			);
			name = LaunchScreen.storyboard;
			sourceTree = "<group>";
		};
/* End PBXVariantGroup section */

/* Begin XCBuildConfiguration section */
		A2D756492B8DFFA80050EC1F /* Debug */ = {
			isa = XCBuildConfiguration;
			buildSettings = {
				ALWAYS_SEARCH_USER_PATHS = NO;
				ASSETCATALOG_COMPILER_GENERATE_SWIFT_ASSET_SYMBOL_EXTENSIONS = YES;
				CLANG_ANALYZER_NONNULL = YES;
				CLANG_ANALYZER_NUMBER_OBJECT_CONVERSION = YES_AGGRESSIVE;
				CLANG_CXX_LANGUAGE_STANDARD = "gnu++20";
				CLANG_ENABLE_MODULES = YES;
				CLANG_ENABLE_OBJC_ARC = YES;
				CLANG_ENABLE_OBJC_WEAK = YES;
				CLANG_WARN_BLOCK_CAPTURE_AUTORELEASING = YES;
				CLANG_WARN_BOOL_CONVERSION = YES;
				CLANG_WARN_COMMA = YES;
				CLANG_WARN_CONSTANT_CONVERSION = YES;
				CLANG_WARN_DEPRECATED_OBJC_IMPLEMENTATIONS = YES;
				CLANG_WARN_DIRECT_OBJC_ISA_USAGE = YES_ERROR;
				CLANG_WARN_DOCUMENTATION_COMMENTS = YES;
				CLANG_WARN_EMPTY_BODY = YES;
				CLANG_WARN_ENUM_CONVERSION = YES;
				CLANG_WARN_INFINITE_RECURSION = YES;
				CLANG_WARN_INT_CONVERSION = YES;
				CLANG_WARN_NON_LITERAL_NULL_CONVERSION = YES;
				CLANG_WARN_OBJC_IMPLICIT_RETAIN_SELF = YES;
				CLANG_WARN_OBJC_LITERAL_CONVERSION = YES;
				CLANG_WARN_OBJC_ROOT_CLASS = YES_ERROR;
				CLANG_WARN_QUOTED_INCLUDE_IN_FRAMEWORK_HEADER = YES;
				CLANG_WARN_RANGE_LOOP_ANALYSIS = YES;
				CLANG_WARN_STRICT_PROTOTYPES = YES;
				CLANG_WARN_SUSPICIOUS_MOVE = YES;
				CLANG_WARN_UNGUARDED_AVAILABILITY = YES_AGGRESSIVE;
				CLANG_WARN_UNREACHABLE_CODE = YES;
				CLANG_WARN__DUPLICATE_METHOD_MATCH = YES;
				COPY_PHASE_STRIP = NO;
				DEBUG_INFORMATION_FORMAT = dwarf;
				ENABLE_STRICT_OBJC_MSGSEND = YES;
				ENABLE_TESTABILITY = YES;
				ENABLE_USER_SCRIPT_SANDBOXING = YES;
				GCC_C_LANGUAGE_STANDARD = gnu17;
				GCC_DYNAMIC_NO_PIC = NO;
				GCC_NO_COMMON_BLOCKS = YES;
				GCC_OPTIMIZATION_LEVEL = 0;
				GCC_PREPROCESSOR_DEFINITIONS = (
					"DEBUG=1",
					"$(inherited)",
				);
				GCC_WARN_64_TO_32_BIT_CONVERSION = YES;
				GCC_WARN_ABOUT_RETURN_TYPE = YES_ERROR;
				GCC_WARN_UNDECLARED_SELECTOR = YES;
				GCC_WARN_UNINITIALIZED_AUTOS = YES_AGGRESSIVE;
				GCC_WARN_UNUSED_FUNCTION = YES;
				GCC_WARN_UNUSED_VARIABLE = YES;
				IPHONEOS_DEPLOYMENT_TARGET = 17.2;
				LOCALIZATION_PREFERS_STRING_CATALOGS = YES;
				MTL_ENABLE_DEBUG_INFO = INCLUDE_SOURCE;
				MTL_FAST_MATH = YES;
				ONLY_ACTIVE_ARCH = YES;
				SDKROOT = iphoneos;
				SWIFT_ACTIVE_COMPILATION_CONDITIONS = "DEBUG $(inherited)";
				SWIFT_OPTIMIZATION_LEVEL = "-Onone";
			};
			name = Debug;
		};
		A2D7564A2B8DFFA80050EC1F /* Release */ = {
			isa = XCBuildConfiguration;
			buildSettings = {
				ALWAYS_SEARCH_USER_PATHS = NO;
				ASSETCATALOG_COMPILER_GENERATE_SWIFT_ASSET_SYMBOL_EXTENSIONS = YES;
				CLANG_ANALYZER_NONNULL = YES;
				CLANG_ANALYZER_NUMBER_OBJECT_CONVERSION = YES_AGGRESSIVE;
				CLANG_CXX_LANGUAGE_STANDARD = "gnu++20";
				CLANG_ENABLE_MODULES = YES;
				CLANG_ENABLE_OBJC_ARC = YES;
				CLANG_ENABLE_OBJC_WEAK = YES;
				CLANG_WARN_BLOCK_CAPTURE_AUTORELEASING = YES;
				CLANG_WARN_BOOL_CONVERSION = YES;
				CLANG_WARN_COMMA = YES;
				CLANG_WARN_CONSTANT_CONVERSION = YES;
				CLANG_WARN_DEPRECATED_OBJC_IMPLEMENTATIONS = YES;
				CLANG_WARN_DIRECT_OBJC_ISA_USAGE = YES_ERROR;
				CLANG_WARN_DOCUMENTATION_COMMENTS = YES;
				CLANG_WARN_EMPTY_BODY = YES;
				CLANG_WARN_ENUM_CONVERSION = YES;
				CLANG_WARN_INFINITE_RECURSION = YES;
				CLANG_WARN_INT_CONVERSION = YES;
				CLANG_WARN_NON_LITERAL_NULL_CONVERSION = YES;
				CLANG_WARN_OBJC_IMPLICIT_RETAIN_SELF = YES;
				CLANG_WARN_OBJC_LITERAL_CONVERSION = YES;
				CLANG_WARN_OBJC_ROOT_CLASS = YES_ERROR;
				CLANG_WARN_QUOTED_INCLUDE_IN_FRAMEWORK_HEADER = YES;
				CLANG_WARN_RANGE_LOOP_ANALYSIS = YES;
				CLANG_WARN_STRICT_PROTOTYPES = YES;
				CLANG_WARN_SUSPICIOUS_MOVE = YES;
				CLANG_WARN_UNGUARDED_AVAILABILITY = YES_AGGRESSIVE;
				CLANG_WARN_UNREACHABLE_CODE = YES;
				CLANG_WARN__DUPLICATE_METHOD_MATCH = YES;
				COPY_PHASE_STRIP = NO;
				DEBUG_INFORMATION_FORMAT = "dwarf-with-dsym";
				ENABLE_NS_ASSERTIONS = NO;
				ENABLE_STRICT_OBJC_MSGSEND = YES;
				ENABLE_USER_SCRIPT_SANDBOXING = YES;
				GCC_C_LANGUAGE_STANDARD = gnu17;
				GCC_NO_COMMON_BLOCKS = YES;
				GCC_WARN_64_TO_32_BIT_CONVERSION = YES;
				GCC_WARN_ABOUT_RETURN_TYPE = YES_ERROR;
				GCC_WARN_UNDECLARED_SELECTOR = YES;
				GCC_WARN_UNINITIALIZED_AUTOS = YES_AGGRESSIVE;
				GCC_WARN_UNUSED_FUNCTION = YES;
				GCC_WARN_UNUSED_VARIABLE = YES;
				IPHONEOS_DEPLOYMENT_TARGET = 17.2;
				LOCALIZATION_PREFERS_STRING_CATALOGS = YES;
				MTL_ENABLE_DEBUG_INFO = NO;
				MTL_FAST_MATH = YES;
				SDKROOT = iphoneos;
				SWIFT_COMPILATION_MODE = wholemodule;
				VALIDATE_PRODUCT = YES;
			};
			name = Release;
		};
		A2D7564C2B8DFFA80050EC1F /* Debug */ = {
			isa = XCBuildConfiguration;
			buildSettings = {
				ASSETCATALOG_COMPILER_APPICON_NAME = AppIcon;
				ASSETCATALOG_COMPILER_GLOBAL_ACCENT_COLOR_NAME = AccentColor;
				CODE_SIGN_STYLE = Automatic;
				CURRENT_PROJECT_VERSION = 1;
				DEVELOPMENT_TEAM = 79CS75S5DL;
				GENERATE_INFOPLIST_FILE = YES;
				INFOPLIST_FILE = Hydronaut/Info.plist;
				INFOPLIST_KEY_UIApplicationSupportsIndirectInputEvents = YES;
				INFOPLIST_KEY_UILaunchStoryboardName = LaunchScreen;
				INFOPLIST_KEY_UISupportedInterfaceOrientations_iPad = "UIInterfaceOrientationPortrait UIInterfaceOrientationPortraitUpsideDown UIInterfaceOrientationLandscapeLeft UIInterfaceOrientationLandscapeRight";
				INFOPLIST_KEY_UISupportedInterfaceOrientations_iPhone = "UIInterfaceOrientationPortrait UIInterfaceOrientationLandscapeLeft UIInterfaceOrientationLandscapeRight";
				IPHONEOS_DEPLOYMENT_TARGET = 13.0;
				LD_RUNPATH_SEARCH_PATHS = (
					"$(inherited)",
					"@executable_path/Frameworks",
				);
				MARKETING_VERSION = 1.0;
				PRODUCT_BUNDLE_IDENTIFIER = com.celilcagataygedik.Hydronaut;
				PRODUCT_NAME = "$(TARGET_NAME)";
				SUPPORTED_PLATFORMS = "iphoneos iphonesimulator";
				SUPPORTS_MACCATALYST = NO;
				SUPPORTS_MAC_DESIGNED_FOR_IPHONE_IPAD = NO;
				SUPPORTS_XR_DESIGNED_FOR_IPHONE_IPAD = NO;
				SWIFT_EMIT_LOC_STRINGS = YES;
				SWIFT_VERSION = 5.0;
				TARGETED_DEVICE_FAMILY = "1,2";
			};
			name = Debug;
		};
		A2D7564D2B8DFFA80050EC1F /* Release */ = {
			isa = XCBuildConfiguration;
			buildSettings = {
				ASSETCATALOG_COMPILER_APPICON_NAME = AppIcon;
				ASSETCATALOG_COMPILER_GLOBAL_ACCENT_COLOR_NAME = AccentColor;
				CODE_SIGN_STYLE = Automatic;
				CURRENT_PROJECT_VERSION = 1;
				DEVELOPMENT_TEAM = 79CS75S5DL;
				GENERATE_INFOPLIST_FILE = YES;
				INFOPLIST_FILE = Hydronaut/Info.plist;
				INFOPLIST_KEY_UIApplicationSupportsIndirectInputEvents = YES;
				INFOPLIST_KEY_UILaunchStoryboardName = LaunchScreen;
				INFOPLIST_KEY_UISupportedInterfaceOrientations_iPad = "UIInterfaceOrientationPortrait UIInterfaceOrientationPortraitUpsideDown UIInterfaceOrientationLandscapeLeft UIInterfaceOrientationLandscapeRight";
				INFOPLIST_KEY_UISupportedInterfaceOrientations_iPhone = "UIInterfaceOrientationPortrait UIInterfaceOrientationLandscapeLeft UIInterfaceOrientationLandscapeRight";
				IPHONEOS_DEPLOYMENT_TARGET = 13.0;
				LD_RUNPATH_SEARCH_PATHS = (
					"$(inherited)",
					"@executable_path/Frameworks",
				);
				MARKETING_VERSION = 1.0;
				PRODUCT_BUNDLE_IDENTIFIER = com.celilcagataygedik.Hydronaut;
				PRODUCT_NAME = "$(TARGET_NAME)";
				SUPPORTED_PLATFORMS = "iphoneos iphonesimulator";
				SUPPORTS_MACCATALYST = NO;
				SUPPORTS_MAC_DESIGNED_FOR_IPHONE_IPAD = NO;
				SUPPORTS_XR_DESIGNED_FOR_IPHONE_IPAD = NO;
				SWIFT_EMIT_LOC_STRINGS = YES;
				SWIFT_VERSION = 5.0;
				TARGETED_DEVICE_FAMILY = "1,2";
			};
			name = Release;
		};
/* End XCBuildConfiguration section */

/* Begin XCConfigurationList section */
		A2D756322B8DFFA70050EC1F /* Build configuration list for PBXProject "Hydronaut" */ = {
			isa = XCConfigurationList;
			buildConfigurations = (
				A2D756492B8DFFA80050EC1F /* Debug */,
				A2D7564A2B8DFFA80050EC1F /* Release */,
			);
			defaultConfigurationIsVisible = 0;
			defaultConfigurationName = Release;
		};
		A2D7564B2B8DFFA80050EC1F /* Build configuration list for PBXNativeTarget "Hydronaut" */ = {
			isa = XCConfigurationList;
			buildConfigurations = (
				A2D7564C2B8DFFA80050EC1F /* Debug */,
				A2D7564D2B8DFFA80050EC1F /* Release */,
			);
			defaultConfigurationIsVisible = 0;
			defaultConfigurationName = Release;
		};
/* End XCConfigurationList section */

/* Begin XCRemoteSwiftPackageReference section */
		A2D7564E2B8E00160050EC1F /* XCRemoteSwiftPackageReference "SnapKit" */ = {
			isa = XCRemoteSwiftPackageReference;
			repositoryURL = "https://github.com/SnapKit/SnapKit";
			requirement = {
				kind = upToNextMajorVersion;
				minimumVersion = 5.7.1;
			};
		};
		A2D756512B8E00230050EC1F /* XCRemoteSwiftPackageReference "TextFieldEffects" */ = {
			isa = XCRemoteSwiftPackageReference;
			repositoryURL = "https://github.com/raulriera/TextFieldEffects";
			requirement = {
				kind = upToNextMajorVersion;
				minimumVersion = 1.7.0;
			};
		};
/* End XCRemoteSwiftPackageReference section */

/* Begin XCSwiftPackageProductDependency section */
		A2D7564F2B8E00160050EC1F /* SnapKit */ = {
			isa = XCSwiftPackageProductDependency;
			package = A2D7564E2B8E00160050EC1F /* XCRemoteSwiftPackageReference "SnapKit" */;
			productName = SnapKit;
		};
		A2D756522B8E00230050EC1F /* TextFieldEffects */ = {
			isa = XCSwiftPackageProductDependency;
			package = A2D756512B8E00230050EC1F /* XCRemoteSwiftPackageReference "TextFieldEffects" */;
			productName = TextFieldEffects;
		};
/* End XCSwiftPackageProductDependency section */
	};
	rootObject = A2D7562F2B8DFFA70050EC1F /* Project object */;
}
